---
generate-project:
  :commit: 84440fd453941ca1e6b1c8bbb020d6605dd8892e
  :branch: master
generate-travis:
  :commit: 206b0412bb9888279db6c0758a33cf22e7b47363
  :branch: master
generate-template:
  :commit: ad0dcfb6da64cc0508b71916b30e1050c82ecea7
  :branch: master
platforms:
  :commit: 9b3dc9a1b13108f933146cda6c12a994c5c954a0
  :branch: master
unit-test:
  :commit: 579028c8e1231037025cd6376ba7d33d43c8b38e
  :branch: master
generate-cpp-class:
  :commit: a7219c511be8af5228c4daf575508c5667108998
  :branch: master
variants:
  :commit: 03ac6a3c2852c33e5aba0deb6190dcd1070318ee
  :branch: master
platform-darwin-osx:
  :commit: a28cf3da75b2b63d24a36cc49bd97babac6499cb
  :branch: master
platform-darwin-ios:
  :commit: c81ccc5ee73cb1c6ae31e378148c4cb8c9f8759e
  :branch: master
build-clang:
  :commit: e56387e331223851ab2b5202bed767280748f698
  :branch: master
build-darwin:
  :commit: 9f2234a91f84955cd82f2af89efea9734c6475ca
  :branch: master
build-files:
  :commit: 00c6cef5ef06157b939ee0775f765a45af763ac1
  :branch: master
platform-linux:
  :commit: da4b316877df89a54e69671f01fcf01ad1e41ed9
  :branch: master
build-linux:
  :commit: 6de534e35547e5f0bb8f35e57d39464facec9df4
  :branch: master
utf8:
  :commit: 218746de9c25c06a0c0c1edd5fbf281e324c3487
  :branch: master
